
Microsoft Visual Studio Solution File, Format Version 12.00
# Visual Studio Version 17
VisualStudioVersion = 17.13.35825.156 d17.13
MinimumVisualStudioVersion = 10.0.40219.1
Project("{8BC9CEB8-8B4A-11D0-8D11-00A0C91BC942}") = "Student Record Managment System", "Student Record Managment System\Student Record Managment System.vcxproj", "{773002D6-345D-464F-8C1B-450840D6ED5A}"
EndProject
Global
	GlobalSection(SolutionConfigurationPlatforms) = preSolution
		Debug|x64 = Debug|x64
		Debug|x86 = Debug|x86
		Release|x64 = Release|x64
		Release|x86 = Release|x86
	EndGlobalSection
	GlobalSection(ProjectConfigurationPlatforms) = postSolution
		{773002D6-345D-464F-8C1B-450840D6ED5A}.Debug|x64.ActiveCfg = Debug|x64
		{773002D6-345D-464F-8C1B-450840D6ED5A}.Debug|x64.Build.0 = Debug|x64
		{773002D6-345D-464F-8C1B-450840D6ED5A}.Debug|x86.ActiveCfg = Debug|Win32
		{773002D6-345D-464F-8C1B-450840D6ED5A}.Debug|x86.Build.0 = Debug|Win32
		{773002D6-345D-464F-8C1B-450840D6ED5A}.Release|x64.ActiveCfg = Release|x64
		{773002D6-345D-464F-8C1B-450840D6ED5A}.Release|x64.Build.0 = Release|x64
		{773002D6-345D-464F-8C1B-450840D6ED5A}.Release|x86.ActiveCfg = Release|Win32
		{773002D6-345D-464F-8C1B-450840D6ED5A}.Release|x86.Build.0 = Release|Win32
	EndGlobalSection
	GlobalSection(SolutionProperties) = preSolution
		HideSolutionNode = FALSE
	EndGlobalSection
	GlobalSection(ExtensibilityGlobals) = postSolution
		SolutionGuid = {CEB3CA4A-DBE9-469D-A9BF-AD91654F8F05}
	EndGlobalSection
EndGlobal
